// !$*UTF8*$!
{
	archiveVersion = 1;
	classes = {
	};
	objectVersion = 46;
	objects = {

/* Begin PBXBuildFile section */
		4E2987A81DFE51D4000F3261 /* main.m in Sources */ = {isa = PBXBuildFile; fileRef = 4E2987A71DFE51D4000F3261 /* main.m */; };
		4E2987AB1DFE51D4000F3261 /* AppDelegate.m in Sources */ = {isa = PBXBuildFile; fileRef = 4E2987AA1DFE51D4000F3261 /* AppDelegate.m */; };
		4E2987AE1DFE51D4000F3261 /* ViewController.m in Sources */ = {isa = PBXBuildFile; fileRef = 4E2987AD1DFE51D4000F3261 /* ViewController.m */; };
		4E2987B11DFE51D4000F3261 /* Main.storyboard in Resources */ = {isa = PBXBuildFile; fileRef = 4E2987AF1DFE51D4000F3261 /* Main.storyboard */; };
		4E2987B31DFE51D4000F3261 /* Assets.xcassets in Resources */ = {isa = PBXBuildFile; fileRef = 4E2987B21DFE51D4000F3261 /* Assets.xcassets */; };
		4E2987B61DFE51D4000F3261 /* LaunchScreen.storyboard in Resources */ = {isa = PBXBuildFile; fileRef = 4E2987B41DFE51D4000F3261 /* LaunchScreen.storyboard */; };
		4E2987C11DFE51D5000F3261 /* TableViewOfLinkageDemoTests.m in Sources */ = {isa = PBXBuildFile; fileRef = 4E2987C01DFE51D5000F3261 /* TableViewOfLinkageDemoTests.m */; };
		4E2987CC1DFE51D5000F3261 /* TableViewOfLinkageDemoUITests.m in Sources */ = {isa = PBXBuildFile; fileRef = 4E2987CB1DFE51D5000F3261 /* TableViewOfLinkageDemoUITests.m */; };
/* End PBXBuildFile section */

/* Begin PBXContainerItemProxy section */
		4E2987BD1DFE51D5000F3261 /* PBXContainerItemProxy */ = {
			isa = PBXContainerItemProxy;
			containerPortal = 4E29879B1DFE51D4000F3261 /* Project object */;
			proxyType = 1;
			remoteGlobalIDString = 4E2987A21DFE51D4000F3261;
			remoteInfo = TableViewOfLinkageDemo;
		};
		4E2987C81DFE51D5000F3261 /* PBXContainerItemProxy */ = {
			isa = PBXContainerItemProxy;
			containerPortal = 4E29879B1DFE51D4000F3261 /* Project object */;
			proxyType = 1;
			remoteGlobalIDString = 4E2987A21DFE51D4000F3261;
			remoteInfo = TableViewOfLinkageDemo;
		};
/* End PBXContainerItemProxy section */

/* Begin PBXFileReference section */
		4E2987A31DFE51D4000F3261 /* TableViewOfLinkageDemo.app */ = {isa = PBXFileReference; explicitFileType = wrapper.application; includeInIndex = 0; path = TableViewOfLinkageDemo.app; sourceTree = BUILT_PRODUCTS_DIR; };
		4E2987A71DFE51D4000F3261 /* main.m */ = {isa = PBXFileReference; lastKnownFileType = sourcecode.c.objc; path = main.m; sourceTree = "<group>"; };
		4E2987A91DFE51D4000F3261 /* AppDelegate.h */ = {isa = PBXFileReference; lastKnownFileType = sourcecode.c.h; path = AppDelegate.h; sourceTree = "<group>"; };
		4E2987AA1DFE51D4000F3261 /* AppDelegate.m */ = {isa = PBXFileReference; lastKnownFileType = sourcecode.c.objc; path = AppDelegate.m; sourceTree = "<group>"; };
		4E2987AC1DFE51D4000F3261 /* ViewController.h */ = {isa = PBXFileReference; lastKnownFileType = sourcecode.c.h; path = ViewController.h; sourceTree = "<group>"; };
		4E2987AD1DFE51D4000F3261 /* ViewController.m */ = {isa = PBXFileReference; lastKnownFileType = sourcecode.c.objc; path = ViewController.m; sourceTree = "<group>"; };
		4E2987B01DFE51D4000F3261 /* Base */ = {isa = PBXFileReference; lastKnownFileType = file.storyboard; name = Base; path = Base.lproj/Main.storyboard; sourceTree = "<group>"; };
		4E2987B21DFE51D4000F3261 /* Assets.xcassets */ = {isa = PBXFileReference; lastKnownFileType = folder.assetcatalog; path = Assets.xcassets; sourceTree = "<group>"; };
		4E2987B51DFE51D4000F3261 /* Base */ = {isa = PBXFileReference; lastKnownFileType = file.storyboard; name = Base; path = Base.lproj/LaunchScreen.storyboard; sourceTree = "<group>"; };
		4E2987B71DFE51D4000F3261 /* Info.plist */ = {isa = PBXFileReference; lastKnownFileType = text.plist.xml; path = Info.plist; sourceTree = "<group>"; };
		4E2987BC1DFE51D5000F3261 /* TableViewOfLinkageDemoTests.xctest */ = {isa = PBXFileReference; explicitFileType = wrapper.cfbundle; includeInIndex = 0; path = TableViewOfLinkageDemoTests.xctest; sourceTree = BUILT_PRODUCTS_DIR; };
		4E2987C01DFE51D5000F3261 /* TableViewOfLinkageDemoTests.m */ = {isa = PBXFileReference; lastKnownFileType = sourcecode.c.objc; path = TableViewOfLinkageDemoTests.m; sourceTree = "<group>"; };
		4E2987C21DFE51D5000F3261 /* Info.plist */ = {isa = PBXFileReference; lastKnownFileType = text.plist.xml; path = Info.plist; sourceTree = "<group>"; };
		4E2987C71DFE51D5000F3261 /* TableViewOfLinkageDemoUITests.xctest */ = {isa = PBXFileReference; explicitFileType = wrapper.cfbundle; includeInIndex = 0; path = TableViewOfLinkageDemoUITests.xctest; sourceTree = BUILT_PRODUCTS_DIR; };
		4E2987CB1DFE51D5000F3261 /* TableViewOfLinkageDemoUITests.m */ = {isa = PBXFileReference; lastKnownFileType = sourcecode.c.objc; path = TableViewOfLinkageDemoUITests.m; sourceTree = "<group>"; };
		4E2987CD1DFE51D5000F3261 /* Info.plist */ = {isa = PBXFileReference; lastKnownFileType = text.plist.xml; path = Info.plist; sourceTree = "<group>"; };
/* End PBXFileReference section */

/* Begin PBXFrameworksBuildPhase section */
		4E2987A01DFE51D4000F3261 /* Frameworks */ = {
			isa = PBXFrameworksBuildPhase;
			buildActionMask = 2147483647;
			files = (
			);
			runOnlyForDeploymentPostprocessing = 0;
		};
		4E2987B91DFE51D5000F3261 /* Frameworks */ = {
			isa = PBXFrameworksBuildPhase;
			buildActionMask = 2147483647;
			files = (
			);
			runOnlyForDeploymentPostprocessing = 0;
		};
		4E2987C41DFE51D5000F3261 /* Frameworks */ = {
			isa = PBXFrameworksBuildPhase;
			buildActionMask = 2147483647;
			files = (
			);
			runOnlyForDeploymentPostprocessing = 0;
		};
/* End PBXFrameworksBuildPhase section */

/* Begin PBXGroup section */
		4E29879A1DFE51D4000F3261 = {
			isa = PBXGroup;
			children = (
				4E2987A51DFE51D4000F3261 /* TableViewOfLinkageDemo */,
				4E2987BF1DFE51D5000F3261 /* TableViewOfLinkageDemoTests */,
				4E2987CA1DFE51D5000F3261 /* TableViewOfLinkageDemoUITests */,
				4E2987A41DFE51D4000F3261 /* Products */,
			);
			sourceTree = "<group>";
		};
		4E2987A41DFE51D4000F3261 /* Products */ = {
			isa = PBXGroup;
			children = (
				4E2987A31DFE51D4000F3261 /* TableViewOfLinkageDemo.app */,
				4E2987BC1DFE51D5000F3261 /* TableViewOfLinkageDemoTests.xctest */,
				4E2987C71DFE51D5000F3261 /* TableViewOfLinkageDemoUITests.xctest */,
			);
			name = Products;
			sourceTree = "<group>";
		};
		4E2987A51DFE51D4000F3261 /* TableViewOfLinkageDemo */ = {
			isa = PBXGroup;
			children = (
				4E2987A91DFE51D4000F3261 /* AppDelegate.h */,
				4E2987AA1DFE51D4000F3261 /* AppDelegate.m */,
				4E2987AC1DFE51D4000F3261 /* ViewController.h */,
				4E2987AD1DFE51D4000F3261 /* ViewController.m */,
				4E2987AF1DFE51D4000F3261 /* Main.storyboard */,
				4E2987B21DFE51D4000F3261 /* Assets.xcassets */,
				4E2987B41DFE51D4000F3261 /* LaunchScreen.storyboard */,
				4E2987B71DFE51D4000F3261 /* Info.plist */,
				4E2987A61DFE51D4000F3261 /* Supporting Files */,
			);
			path = TableViewOfLinkageDemo;
			sourceTree = "<group>";
		};
		4E2987A61DFE51D4000F3261 /* Supporting Files */ = {
			isa = PBXGroup;
			children = (
				4E2987A71DFE51D4000F3261 /* main.m */,
			);
			name = "Supporting Files";
			sourceTree = "<group>";
		};
		4E2987BF1DFE51D5000F3261 /* TableViewOfLinkageDemoTests */ = {
			isa = PBXGroup;
			children = (
				4E2987C01DFE51D5000F3261 /* TableViewOfLinkageDemoTests.m */,
				4E2987C21DFE51D5000F3261 /* Info.plist */,
			);
			path = TableViewOfLinkageDemoTests;
			sourceTree = "<group>";
		};
		4E2987CA1DFE51D5000F3261 /* TableViewOfLinkageDemoUITests */ = {
			isa = PBXGroup;
			children = (
				4E2987CB1DFE51D5000F3261 /* TableViewOfLinkageDemoUITests.m */,
				4E2987CD1DFE51D5000F3261 /* Info.plist */,
			);
			path = TableViewOfLinkageDemoUITests;
			sourceTree = "<group>";
		};
/* End PBXGroup section */

/* Begin PBXNativeTarget section */
		4E2987A21DFE51D4000F3261 /* TableViewOfLinkageDemo */ = {
			isa = PBXNativeTarget;
			buildConfigurationList = 4E2987D01DFE51D5000F3261 /* Build configuration list for PBXNativeTarget "TableViewOfLinkageDemo" */;
			buildPhases = (
				4E29879F1DFE51D4000F3261 /* Sources */,
				4E2987A01DFE51D4000F3261 /* Frameworks */,
				4E2987A11DFE51D4000F3261 /* Resources */,
			);
			buildRules = (
			);
			dependencies = (
			);
			name = TableViewOfLinkageDemo;
			productName = TableViewOfLinkageDemo;
			productReference = 4E2987A31DFE51D4000F3261 /* TableViewOfLinkageDemo.app */;
			productType = "com.apple.product-type.application";
		};
		4E2987BB1DFE51D5000F3261 /* TableViewOfLinkageDemoTests */ = {
			isa = PBXNativeTarget;
			buildConfigurationList = 4E2987D31DFE51D5000F3261 /* Build configuration list for PBXNativeTarget "TableViewOfLinkageDemoTests" */;
			buildPhases = (
				4E2987B81DFE51D5000F3261 /* Sources */,
				4E2987B91DFE51D5000F3261 /* Frameworks */,
				4E2987BA1DFE51D5000F3261 /* Resources */,
			);
			buildRules = (
			);
			dependencies = (
				4E2987BE1DFE51D5000F3261 /* PBXTargetDependency */,
			);
			name = TableViewOfLinkageDemoTests;
			productName = TableViewOfLinkageDemoTests;
			productReference = 4E2987BC1DFE51D5000F3261 /* TableViewOfLinkageDemoTests.xctest */;
			productType = "com.apple.product-type.bundle.unit-test";
		};
		4E2987C61DFE51D5000F3261 /* TableViewOfLinkageDemoUITests */ = {
			isa = PBXNativeTarget;
			buildConfigurationList = 4E2987D61DFE51D5000F3261 /* Build configuration list for PBXNativeTarget "TableViewOfLinkageDemoUITests" */;
			buildPhases = (
				4E2987C31DFE51D5000F3261 /* Sources */,
				4E2987C41DFE51D5000F3261 /* Frameworks */,
				4E2987C51DFE51D5000F3261 /* Resources */,
			);
			buildRules = (
			);
			dependencies = (
				4E2987C91DFE51D5000F3261 /* PBXTargetDependency */,
			);
			name = TableViewOfLinkageDemoUITests;
			productName = TableViewOfLinkageDemoUITests;
			productReference = 4E2987C71DFE51D5000F3261 /* TableViewOfLinkageDemoUITests.xctest */;
			productType = "com.apple.product-type.bundle.ui-testing";
		};
/* End PBXNativeTarget section */

/* Begin PBXProject section */
		4E29879B1DFE51D4000F3261 /* Project object */ = {
			isa = PBXProject;
			attributes = {
				LastUpgradeCheck = 0800;
				ORGANIZATIONNAME = li010;
				TargetAttributes = {
					4E2987A21DFE51D4000F3261 = {
						CreatedOnToolsVersion = 8.0;
						DevelopmentTeam = CSF6V7N2WB;
						ProvisioningStyle = Automatic;
					};
					4E2987BB1DFE51D5000F3261 = {
						CreatedOnToolsVersion = 8.0;
						DevelopmentTeam = CSF6V7N2WB;
						ProvisioningStyle = Automatic;
						TestTargetID = 4E2987A21DFE51D4000F3261;
					};
					4E2987C61DFE51D5000F3261 = {
						CreatedOnToolsVersion = 8.0;
						DevelopmentTeam = CSF6V7N2WB;
						ProvisioningStyle = Automatic;
						TestTargetID = 4E2987A21DFE51D4000F3261;
					};
				};
			};
			buildConfigurationList = 4E29879E1DFE51D4000F3261 /* Build configuration list for PBXProject "TableViewOfLinkageDemo" */;
			compatibilityVersion = "Xcode 3.2";
			developmentRegion = English;
			hasScannedForEncodings = 0;
			knownRegions = (
				en,
				Base,
			);
			mainGroup = 4E29879A1DFE51D4000F3261;
			productRefGroup = 4E2987A41DFE51D4000F3261 /* Products */;
			projectDirPath = "";
			projectRoot = "";
			targets = (
				4E2987A21DFE51D4000F3261 /* TableViewOfLinkageDemo */,
				4E2987BB1DFE51D5000F3261 /* TableViewOfLinkageDemoTests */,
				4E2987C61DFE51D5000F3261 /* TableViewOfLinkageDemoUITests */,
			);
		};
/* End PBXProject section */

/* Begin PBXResourcesBuildPhase section */
		4E2987A11DFE51D4000F3261 /* Resources */ = {
			isa = PBXResourcesBuildPhase;
			buildActionMask = 2147483647;
			files = (
				4E2987B61DFE51D4000F3261 /* LaunchScreen.storyboard in Resources */,
				4E2987B31DFE51D4000F3261 /* Assets.xcassets in Resources */,
				4E2987B11DFE51D4000F3261 /* Main.storyboard in Resources */,
			);
			runOnlyForDeploymentPostprocessing = 0;
		};
		4E2987BA1DFE51D5000F3261 /* Resources */ = {
			isa = PBXResourcesBuildPhase;
			buildActionMask = 2147483647;
			files = (
			);
			runOnlyForDeploymentPostprocessing = 0;
		};
		4E2987C51DFE51D5000F3261 /* Resources */ = {
			isa = PBXResourcesBuildPhase;
			buildActionMask = 2147483647;
			files = (
			);
			runOnlyForDeploymentPostprocessing = 0;
		};
/* End PBXResourcesBuildPhase section */

/* Begin PBXSourcesBuildPhase section */
		4E29879F1DFE51D4000F3261 /* Sources */ = {
			isa = PBXSourcesBuildPhase;
			buildActionMask = 2147483647;
			files = (
				4E2987AE1DFE51D4000F3261 /* ViewController.m in Sources */,
				4E2987AB1DFE51D4000F3261 /* AppDelegate.m in Sources */,
				4E2987A81DFE51D4000F3261 /* main.m in Sources */,
			);
			runOnlyForDeploymentPostprocessing = 0;
		};
		4E2987B81DFE51D5000F3261 /* Sources */ = {
			isa = PBXSourcesBuildPhase;
			buildActionMask = 2147483647;
			files = (
				4E2987C11DFE51D5000F3261 /* TableViewOfLinkageDemoTests.m in Sources */,
			);
			runOnlyForDeploymentPostprocessing = 0;
		};
		4E2987C31DFE51D5000F3261 /* Sources */ = {
			isa = PBXSourcesBuildPhase;
			buildActionMask = 2147483647;
			files = (
				4E2987CC1DFE51D5000F3261 /* TableViewOfLinkageDemoUITests.m in Sources */,
			);
			runOnlyForDeploymentPostprocessing = 0;
		};
/* End PBXSourcesBuildPhase section */

/* Begin PBXTargetDependency section */
		4E2987BE1DFE51D5000F3261 /* PBXTargetDependency */ = {
			isa = PBXTargetDependency;
			target = 4E2987A21DFE51D4000F3261 /* TableViewOfLinkageDemo */;
			targetProxy = 4E2987BD1DFE51D5000F3261 /* PBXContainerItemProxy */;
		};
		4E2987C91DFE51D5000F3261 /* PBXTargetDependency */ = {
			isa = PBXTargetDependency;
			target = 4E2987A21DFE51D4000F3261 /* TableViewOfLinkageDemo */;
			targetProxy = 4E2987C81DFE51D5000F3261 /* PBXContainerItemProxy */;
		};
/* End PBXTargetDependency section */

/* Begin PBXVariantGroup section */
		4E2987AF1DFE51D4000F3261 /* Main.storyboard */ = {
			isa = PBXVariantGroup;
			children = (
				4E2987B01DFE51D4000F3261 /* Base */,
			);
			name = Main.storyboard;
			sourceTree = "<group>";
		};
		4E2987B41DFE51D4000F3261 /* LaunchScreen.storyboard */ = {
			isa = PBXVariantGroup;
			children = (
				4E2987B51DFE51D4000F3261 /* Base */,
			);
			name = LaunchScreen.storyboard;
			sourceTree = "<group>";
		};
/* End PBXVariantGroup section */

/* Begin XCBuildConfiguration section */
		4E2987CE1DFE51D5000F3261 /* Debug */ = {
			isa = XCBuildConfiguration;
			buildSettings = {
				ALWAYS_SEARCH_USER_PATHS = NO;
				CLANG_ANALYZER_NONNULL = YES;
				CLANG_CXX_LANGUAGE_STANDARD = "gnu++0x";
				CLANG_CXX_LIBRARY = "libc++";
				CLANG_ENABLE_MODULES = YES;
				CLANG_ENABLE_OBJC_ARC = YES;
				CLANG_WARN_BOOL_CONVERSION = YES;
				CLANG_WARN_CONSTANT_CONVERSION = YES;
				CLANG_WARN_DIRECT_OBJC_ISA_USAGE = YES_ERROR;
				CLANG_WARN_DOCUMENTATION_COMMENTS = YES;
				CLANG_WARN_EMPTY_BODY = YES;
				CLANG_WARN_ENUM_CONVERSION = YES;
				CLANG_WARN_INFINITE_RECURSION = YES;
				CLANG_WARN_INT_CONVERSION = YES;
				CLANG_WARN_OBJC_ROOT_CLASS = YES_ERROR;
				CLANG_WARN_SUSPICIOUS_MOVES = YES;
				CLANG_WARN_UNREACHABLE_CODE = YES;
				CLANG_WARN__DUPLICATE_METHOD_MATCH = YES;
				"CODE_SIGN_IDENTITY[sdk=iphoneos*]" = "iPhone Developer";
				COPY_PHASE_STRIP = NO;
				DEBUG_INFORMATION_FORMAT = dwarf;
				ENABLE_STRICT_OBJC_MSGSEND = YES;
				ENABLE_TESTABILITY = YES;
				GCC_C_LANGUAGE_STANDARD = gnu99;
				GCC_DYNAMIC_NO_PIC = NO;
				GCC_NO_COMMON_BLOCKS = YES;
				GCC_OPTIMIZATION_LEVEL = 0;
				GCC_PREPROCESSOR_DEFINITIONS = (
					"DEBUG=1",
					"$(inherited)",
				);
				GCC_WARN_64_TO_32_BIT_CONVERSION = YES;
				GCC_WARN_ABOUT_RETURN_TYPE = YES_ERROR;
				GCC_WARN_UNDECLARED_SELECTOR = YES;
				GCC_WARN_UNINITIALIZED_AUTOS = YES_AGGRESSIVE;
				GCC_WARN_UNUSED_FUNCTION = YES;
				GCC_WARN_UNUSED_VARIABLE = YES;
				IPHONEOS_DEPLOYMENT_TARGET = 10.0;
				MTL_ENABLE_DEBUG_INFO = YES;
				ONLY_ACTIVE_ARCH = YES;
				SDKROOT = iphoneos;
			};
			name = Debug;
		};
		4E2987CF1DFE51D5000F3261 /* Release */ = {
			isa = XCBuildConfiguration;
			buildSettings = {
				ALWAYS_SEARCH_USER_PATHS = NO;
				CLANG_ANALYZER_NONNULL = YES;
				CLANG_CXX_LANGUAGE_STANDARD = "gnu++0x";
				CLANG_CXX_LIBRARY = "libc++";
				CLANG_ENABLE_MODULES = YES;
				CLANG_ENABLE_OBJC_ARC = YES;
				CLANG_WARN_BOOL_CONVERSION = YES;
				CLANG_WARN_CONSTANT_CONVERSION = YES;
				CLANG_WARN_DIRECT_OBJC_ISA_USAGE = YES_ERROR;
				CLANG_WARN_DOCUMENTATION_COMMENTS = YES;
				CLANG_WARN_EMPTY_BODY = YES;
				CLANG_WARN_ENUM_CONVERSION = YES;
				CLANG_WARN_INFINITE_RECURSION = YES;
				CLANG_WARN_INT_CONVERSION = YES;
				CLANG_WARN_OBJC_ROOT_CLASS = YES_ERROR;
				CLANG_WARN_SUSPICIOUS_MOVES = YES;
				CLANG_WARN_UNREACHABLE_CODE = YES;
				CLANG_WARN__DUPLICATE_METHOD_MATCH = YES;
				"CODE_SIGN_IDENTITY[sdk=iphoneos*]" = "iPhone Developer";
				COPY_PHASE_STRIP = NO;
				DEBUG_INFORMATION_FORMAT = "dwarf-with-dsym";
				ENABLE_NS_ASSERTIONS = NO;
				ENABLE_STRICT_OBJC_MSGSEND = YES;
				GCC_C_LANGUAGE_STANDARD = gnu99;
				GCC_NO_COMMON_BLOCKS = YES;
				GCC_WARN_64_TO_32_BIT_CONVERSION = YES;
				GCC_WARN_ABOUT_RETURN_TYPE = YES_ERROR;
				GCC_WARN_UNDECLARED_SELECTOR = YES;
				GCC_WARN_UNINITIALIZED_AUTOS = YES_AGGRESSIVE;
				GCC_WARN_UNUSED_FUNCTION = YES;
				GCC_WARN_UNUSED_VARIABLE = YES;
				IPHONEOS_DEPLOYMENT_TARGET = 10.0;
				MTL_ENABLE_DEBUG_INFO = NO;
				SDKROOT = iphoneos;
				VALIDATE_PRODUCT = YES;
			};
			name = Release;
		};
		4E2987D11DFE51D5000F3261 /* Debug */ = {
			isa = XCBuildConfiguration;
			buildSettings = {
				ASSETCATALOG_COMPILER_APPICON_NAME = AppIcon;
				DEVELOPMENT_TEAM = CSF6V7N2WB;
				INFOPLIST_FILE = TableViewOfLinkageDemo/Info.plist;
				LD_RUNPATH_SEARCH_PATHS = "$(inherited) @executable_path/Frameworks";
				PRODUCT_BUNDLE_IDENTIFIER = li010.com.TableViewOfLinkageDemo;
				PRODUCT_NAME = "$(TARGET_NAME)";
			};
			name = Debug;
		};
		4E2987D21DFE51D5000F3261 /* Release */ = {
			isa = XCBuildConfiguration;
			buildSettings = {
				ASSETCATALOG_COMPILER_APPICON_NAME = AppIcon;
				DEVELOPMENT_TEAM = CSF6V7N2WB;
				INFOPLIST_FILE = TableViewOfLinkageDemo/Info.plist;
				LD_RUNPATH_SEARCH_PATHS = "$(inherited) @executable_path/Frameworks";
				PRODUCT_BUNDLE_IDENTIFIER = li010.com.TableViewOfLinkageDemo;
				PRODUCT_NAME = "$(TARGET_NAME)";
			};
			name = Release;
		};
		4E2987D41DFE51D5000F3261 /* Debug */ = {
			isa = XCBuildConfiguration;
			buildSettings = {
				BUNDLE_LOADER = "$(TEST_HOST)";
				DEVELOPMENT_TEAM = CSF6V7N2WB;
				INFOPLIST_FILE = TableViewOfLinkageDemoTests/Info.plist;
				LD_RUNPATH_SEARCH_PATHS = "$(inherited) @executable_path/Frameworks @loader_path/Frameworks";
				PRODUCT_BUNDLE_IDENTIFIER = li010.com.TableViewOfLinkageDemoTests;
				PRODUCT_NAME = "$(TARGET_NAME)";
				TEST_HOST = "$(BUILT_PRODUCTS_DIR)/TableViewOfLinkageDemo.app/TableViewOfLinkageDemo";
			};
			name = Debug;
		};
		4E2987D51DFE51D5000F3261 /* Release */ = {
			isa = XCBuildConfiguration;
			buildSettings = {
				BUNDLE_LOADER = "$(TEST_HOST)";
				DEVELOPMENT_TEAM = CSF6V7N2WB;
				INFOPLIST_FILE = TableViewOfLinkageDemoTests/Info.plist;
				LD_RUNPATH_SEARCH_PATHS = "$(inherited) @executable_path/Frameworks @loader_path/Frameworks";
				PRODUCT_BUNDLE_IDENTIFIER = li010.com.TableViewOfLinkageDemoTests;
				PRODUCT_NAME = "$(TARGET_NAME)";
				TEST_HOST = "$(BUILT_PRODUCTS_DIR)/TableViewOfLinkageDemo.app/TableViewOfLinkageDemo";
			};
			name = Release;
		};
		4E2987D71DFE51D5000F3261 /* Debug */ = {
			isa = XCBuildConfiguration;
			buildSettings = {
				DEVELOPMENT_TEAM = CSF6V7N2WB;
				INFOPLIST_FILE = TableViewOfLinkageDemoUITests/Info.plist;
				LD_RUNPATH_SEARCH_PATHS = "$(inherited) @executable_path/Frameworks @loader_path/Frameworks";
				PRODUCT_BUNDLE_IDENTIFIER = li010.com.TableViewOfLinkageDemoUITests;
				PRODUCT_NAME = "$(TARGET_NAME)";
				TEST_TARGET_NAME = TableViewOfLinkageDemo;
			};
			name = Debug;
		};
		4E2987D81DFE51D5000F3261 /* Release */ = {
			isa = XCBuildConfiguration;
			buildSettings = {
				DEVELOPMENT_TEAM = CSF6V7N2WB;
				INFOPLIST_FILE = TableViewOfLinkageDemoUITests/Info.plist;
				LD_RUNPATH_SEARCH_PATHS = "$(inherited) @executable_path/Frameworks @loader_path/Frameworks";
				PRODUCT_BUNDLE_IDENTIFIER = li010.com.TableViewOfLinkageDemoUITests;
				PRODUCT_NAME = "$(TARGET_NAME)";
				TEST_TARGET_NAME = TableViewOfLinkageDemo;
			};
			name = Release;
		};
/* End XCBuildConfiguration section */

/* Begin XCConfigurationList section */
		4E29879E1DFE51D4000F3261 /* Build configuration list for PBXProject "TableViewOfLinkageDemo" */ = {
			isa = XCConfigurationList;
			buildConfigurations = (
				4E2987CE1DFE51D5000F3261 /* Debug */,
				4E2987CF1DFE51D5000F3261 /* Release */,
			);
			defaultConfigurationIsVisible = 0;
			defaultConfigurationName = Release;
		};
		4E2987D01DFE51D5000F3261 /* Build configuration list for PBXNativeTarget "TableViewOfLinkageDemo" */ = {
			isa = XCConfigurationList;
			buildConfigurations = (
				4E2987D11DFE51D5000F3261 /* Debug */,
				4E2987D21DFE51D5000F3261 /* Release */,
			);
			defaultConfigurationIsVisible = 0;
			defaultConfigurationName = Release;
		};
		4E2987D31DFE51D5000F3261 /* Build configuration list for PBXNativeTarget "TableViewOfLinkageDemoTests" */ = {
			isa = XCConfigurationList;
			buildConfigurations = (
				4E2987D41DFE51D5000F3261 /* Debug */,
				4E2987D51DFE51D5000F3261 /* Release */,
			);
			defaultConfigurationIsVisible = 0;
			defaultConfigurationName = Release;
		};
		4E2987D61DFE51D5000F3261 /* Build configuration list for PBXNativeTarget "TableViewOfLinkageDemoUITests" */ = {
			isa = XCConfigurationList;
			buildConfigurations = (
				4E2987D71DFE51D5000F3261 /* Debug */,
				4E2987D81DFE51D5000F3261 /* Release */,
			);
			defaultConfigurationIsVisible = 0;
			defaultConfigurationName = Release;
		};
/* End XCConfigurationList section */
	};
	rootObject = 4E29879B1DFE51D4000F3261 /* Project object */;
}
